lockfileVersion: '9.0'

settings:
  autoInstallPeers: true
  excludeLinksFromLockfile: false

importers:

  .: {}

  packages/chief-clancy:
    dependencies:
      '@chief-clancy/terminal':
        specifier: workspace:*
        version: link:../terminal

  packages/core: {}

  packages/terminal:
    dependencies:
      '@chief-clancy/core':
        specifier: workspace:*
        version: link:../core
